
Microsoft Visual Studio Solution File, Format Version 12.00
# Visual Studio Version 16
VisualStudioVersion = 16.0.30114.105
MinimumVisualStudioVersion = 10.0.40219.1
Project("{FAE04EC0-301F-11D3-BF4B-00C04F79EFBC}") = "ProEventos.Application", "ProEventos.Application\ProEventos.Application.csproj", "{CDF934BC-6AFE-4304-B63F-1C0F915FE4C9}"
EndProject
Project("{FAE04EC0-301F-11D3-BF4B-00C04F79EFBC}") = "ProEventos.Domain", "ProEventos.Domain\ProEventos.Domain.csproj", "{D22BE18B-18B0-4A70-A2A0-66107FD3913F}"
EndProject
Project("{FAE04EC0-301F-11D3-BF4B-00C04F79EFBC}") = "ProEventos.Persistence", "ProEventos.Persistence\ProEventos.Persistence.csproj", "{3EDDCDDB-C177-42FB-BE93-61DC86CCE27E}"
EndProject
Project("{FAE04EC0-301F-11D3-BF4B-00C04F79EFBC}") = "ProEventos.API", "ProEventos.API\ProEventos.API.csproj", "{5BF4BF4E-61CD-48A6-884B-B9A4B0D0A1D6}"
EndProject
Global
	GlobalSection(SolutionConfigurationPlatforms) = preSolution
		Debug|Any CPU = Debug|Any CPU
		Release|Any CPU = Release|Any CPU
	EndGlobalSection
	GlobalSection(SolutionProperties) = preSolution
		HideSolutionNode = FALSE
	EndGlobalSection
	GlobalSection(ProjectConfigurationPlatforms) = postSolution
		{CDF934BC-6AFE-4304-B63F-1C0F915FE4C9}.Debug|Any CPU.ActiveCfg = Debug|Any CPU
		{CDF934BC-6AFE-4304-B63F-1C0F915FE4C9}.Debug|Any CPU.Build.0 = Debug|Any CPU
		{CDF934BC-6AFE-4304-B63F-1C0F915FE4C9}.Release|Any CPU.ActiveCfg = Release|Any CPU
		{CDF934BC-6AFE-4304-B63F-1C0F915FE4C9}.Release|Any CPU.Build.0 = Release|Any CPU
		{D22BE18B-18B0-4A70-A2A0-66107FD3913F}.Debug|Any CPU.ActiveCfg = Debug|Any CPU
		{D22BE18B-18B0-4A70-A2A0-66107FD3913F}.Debug|Any CPU.Build.0 = Debug|Any CPU
		{D22BE18B-18B0-4A70-A2A0-66107FD3913F}.Release|Any CPU.ActiveCfg = Release|Any CPU
		{D22BE18B-18B0-4A70-A2A0-66107FD3913F}.Release|Any CPU.Build.0 = Release|Any CPU
		{3EDDCDDB-C177-42FB-BE93-61DC86CCE27E}.Debug|Any CPU.ActiveCfg = Debug|Any CPU
		{3EDDCDDB-C177-42FB-BE93-61DC86CCE27E}.Debug|Any CPU.Build.0 = Debug|Any CPU
		{3EDDCDDB-C177-42FB-BE93-61DC86CCE27E}.Release|Any CPU.ActiveCfg = Release|Any CPU
		{3EDDCDDB-C177-42FB-BE93-61DC86CCE27E}.Release|Any CPU.Build.0 = Release|Any CPU
		{5BF4BF4E-61CD-48A6-884B-B9A4B0D0A1D6}.Debug|Any CPU.ActiveCfg = Debug|Any CPU
		{5BF4BF4E-61CD-48A6-884B-B9A4B0D0A1D6}.Debug|Any CPU.Build.0 = Debug|Any CPU
		{5BF4BF4E-61CD-48A6-884B-B9A4B0D0A1D6}.Release|Any CPU.ActiveCfg = Release|Any CPU
		{5BF4BF4E-61CD-48A6-884B-B9A4B0D0A1D6}.Release|Any CPU.Build.0 = Release|Any CPU
	EndGlobalSection
EndGlobal
